
Microsoft Visual Studio Solution File, Format Version 11.00
# Visual Studio 2010
Project("{FAE04EC0-301F-11D3-BF4B-00C04F79EFBC}") = "AMM", "AMM\AMM.csproj", "{DFA27910-DFB9-4A96-89CC-7F31336D1566}"
EndProject
Global
	GlobalSection(SolutionConfigurationPlatforms) = preSolution
		Debug|Any CPU = Debug|Any CPU
		Release|Any CPU = Release|Any CPU
	EndGlobalSection
	GlobalSection(ProjectConfigurationPlatforms) = postSolution
		{DFA27910-DFB9-4A96-89CC-7F31336D1566}.Debug|Any CPU.ActiveCfg = Debug|Any CPU
		{DFA27910-DFB9-4A96-89CC-7F31336D1566}.Debug|Any CPU.Build.0 = Debug|Any CPU
		{DFA27910-DFB9-4A96-89CC-7F31336D1566}.Release|Any CPU.ActiveCfg = Release|Any CPU
		{DFA27910-DFB9-4A96-89CC-7F31336D1566}.Release|Any CPU.Build.0 = Release|Any CPU
	EndGlobalSection
	GlobalSection(SolutionProperties) = preSolution
		HideSolutionNode = FALSE
	EndGlobalSection
EndGlobal
